<Solution>
  <Folder Name="/docker/" />
  <Folder Name="/docs/" />
  <Folder Name="/docs/Architecture/">
    <File Path="Architecture-TextCompletion.md" />
  </Folder>
  <Folder Name="/docs/Interview Questions/">
    <File Path="TextCompletion.md" />
  </Folder>
  <Folder Name="/experiments/" />
  <Folder Name="/shared/" />
  <Folder Name="/Solution Items/">
    <File Path="Project Structure.txt" />
  </Folder>
  <Folder Name="/src/" />
  <Folder Name="/src/01-Text Completion/">
    <File Path="general.txt" />
    <Project Path="GenAI.TextCompletion.GitHubModels/GenAI.TextCompletion.GitHubModels.csproj" />
    <Project Path="GenAI.TextCompletion.Ollama/GenAI.TextCompletion.Ollama.csproj" Id="272c051f-66e6-4793-bc83-c08b8cc29465" />
  </Folder>
</Solution>
